PODS:
  - MangoFix (1.4.4):
    - symdl
  - symdl (0.6.0)

DEPENDENCIES:
  - MangoFix (= 1.4.4)

SPEC REPOS:
  trunk:
    - MangoFix
    - symdl

SPEC CHECKSUMS:
  MangoFix: 3331b01698e8cf0ef285cbd1e3136652218af20c
  symdl: 1906f396fff3f7530074ecfc226e17006b12d0a0

PODFILE CHECKSUM: 611da4628e2a0bfe1fa6f4023800693ab17fd9d4

COCOAPODS: 1.9.3
