PODS:
  - MangoFix (1.4.4):
    - symdl
  - symdl (0.6.0)

DEPENDENCIES:
  - MangoFix (= 1.4.4)

SPEC REPOS:
  https://mirrors.tuna.tsinghua.edu.cn/git/CocoaPods/Specs.git:
    - MangoFix
    - symdl

SPEC CHECKSUMS:
  MangoFix: 3331b01698e8cf0ef285cbd1e3136652218af20c
  symdl: 1906f396fff3f7530074ecfc226e17006b12d0a0

PODFILE CHECKSUM: e96404c6b148b02d2201a4585eff129644fc6d70

COCOAPODS: 1.10.1
